
Microsoft Visual Studio Solution File, Format Version 12.00
# Visual Studio Version 16
VisualStudioVersion = 16.0.30907.101
MinimumVisualStudioVersion = 10.0.40219.1
Project("{FAE04EC0-301F-11D3-BF4B-00C04F79EFBC}") = "BooksCRUD.Web", "BooksCRUD.Web\BooksCRUD.Web.csproj", "{5E7AE0BD-7E08-4B06-A9ED-701FAFB05065}"
EndProject
Project("{FAE04EC0-301F-11D3-BF4B-00C04F79EFBC}") = "BooksCRUD.Data", "BooksCRUD.Data\BooksCRUD.Data.csproj", "{D6C76E54-7473-439A-BC09-43735DCE7143}"
EndProject
Global
	GlobalSection(SolutionConfigurationPlatforms) = preSolution
		Debug|Any CPU = Debug|Any CPU
		Release|Any CPU = Release|Any CPU
	EndGlobalSection
	GlobalSection(ProjectConfigurationPlatforms) = postSolution
		{5E7AE0BD-7E08-4B06-A9ED-701FAFB05065}.Debug|Any CPU.ActiveCfg = Debug|Any CPU
		{5E7AE0BD-7E08-4B06-A9ED-701FAFB05065}.Debug|Any CPU.Build.0 = Debug|Any CPU
		{5E7AE0BD-7E08-4B06-A9ED-701FAFB05065}.Release|Any CPU.ActiveCfg = Release|Any CPU
		{5E7AE0BD-7E08-4B06-A9ED-701FAFB05065}.Release|Any CPU.Build.0 = Release|Any CPU
		{D6C76E54-7473-439A-BC09-43735DCE7143}.Debug|Any CPU.ActiveCfg = Debug|Any CPU
		{D6C76E54-7473-439A-BC09-43735DCE7143}.Debug|Any CPU.Build.0 = Debug|Any CPU
		{D6C76E54-7473-439A-BC09-43735DCE7143}.Release|Any CPU.ActiveCfg = Release|Any CPU
		{D6C76E54-7473-439A-BC09-43735DCE7143}.Release|Any CPU.Build.0 = Release|Any CPU
	EndGlobalSection
	GlobalSection(SolutionProperties) = preSolution
		HideSolutionNode = FALSE
	EndGlobalSection
	GlobalSection(ExtensibilityGlobals) = postSolution
		SolutionGuid = {61B10619-AF7D-4E91-9A39-1DCDF07074B6}
	EndGlobalSection
EndGlobal
